// !$*UTF8*$!
{
	archiveVersion = 1;
	classes = {
	};
	objectVersion = 50;
	objects = {

/* Begin PBXBuildFile section */
		0344825E25D0DCC6002C45BB /* ArtistPagefromHomeViewController.swift in Sources */ = {isa = PBXBuildFile; fileRef = 0344825D25D0DCC6002C45BB /* ArtistPagefromHomeViewController.swift */; };
		03536CB525CD0B4E00F25B3F /* Search.storyboard in Resources */ = {isa = PBXBuildFile; fileRef = 03536CB425CD0B4E00F25B3F /* Search.storyboard */; };
		03536CB825CD0B5C00F25B3F /* News.storyboard in Resources */ = {isa = PBXBuildFile; fileRef = 03536CB725CD0B5C00F25B3F /* News.storyboard */; };
		03536CBB25CD0B6B00F25B3F /* MyLibrary.storyboard in Resources */ = {isa = PBXBuildFile; fileRef = 03536CBA25CD0B6B00F25B3F /* MyLibrary.storyboard */; };
		03536CBE25CD0BAB00F25B3F /* SearchViewController.swift in Sources */ = {isa = PBXBuildFile; fileRef = 03536CBD25CD0BAB00F25B3F /* SearchViewController.swift */; };
		03536CC625CD0FF900F25B3F /* NewsTableViewCell.swift in Sources */ = {isa = PBXBuildFile; fileRef = 03536CC525CD0FF900F25B3F /* NewsTableViewCell.swift */; };
		03536CCD25CD16DD00F25B3F /* NewsTableViewController.swift in Sources */ = {isa = PBXBuildFile; fileRef = 03536CCC25CD16DD00F25B3F /* NewsTableViewController.swift */; };
		03536CD125CD187700F25B3F /* ArtistModel.swift in Sources */ = {isa = PBXBuildFile; fileRef = 03536CD025CD187700F25B3F /* ArtistModel.swift */; };
		03536CD425CD1A4300F25B3F /* DetailNewsViewController.swift in Sources */ = {isa = PBXBuildFile; fileRef = 03536CD325CD1A4300F25B3F /* DetailNewsViewController.swift */; };
		03536CD925CD212C00F25B3F /* MyLibraryTableViewCell.swift in Sources */ = {isa = PBXBuildFile; fileRef = 03536CD825CD212C00F25B3F /* MyLibraryTableViewCell.swift */; };
		03536CDE25CD21D300F25B3F /* MyLibraryTableViewController.swift in Sources */ = {isa = PBXBuildFile; fileRef = 03536CDD25CD21D300F25B3F /* MyLibraryTableViewController.swift */; };
		03536CE225CD26D400F25B3F /* ArtistPageViewController.swift in Sources */ = {isa = PBXBuildFile; fileRef = 03536CE125CD26D400F25B3F /* ArtistPageViewController.swift */; };
		03536CE525CD296800F25B3F /* MVTableViewCell.swift in Sources */ = {isa = PBXBuildFile; fileRef = 03536CE425CD296800F25B3F /* MVTableViewCell.swift */; };
		03536CE825CD2AA000F25B3F /* MVTableViewController.swift in Sources */ = {isa = PBXBuildFile; fileRef = 03536CE725CD2AA000F25B3F /* MVTableViewController.swift */; };
		03536CEB25CD2D8500F25B3F /* SongTableViewCell.swift in Sources */ = {isa = PBXBuildFile; fileRef = 03536CEA25CD2D8500F25B3F /* SongTableViewCell.swift */; };
		03536CEE25CD2EAF00F25B3F /* SongTableViewController.swift in Sources */ = {isa = PBXBuildFile; fileRef = 03536CED25CD2EAF00F25B3F /* SongTableViewController.swift */; };
		03536CF125CD34A600F25B3F /* PostTableViewCell.swift in Sources */ = {isa = PBXBuildFile; fileRef = 03536CF025CD34A600F25B3F /* PostTableViewCell.swift */; };
		03536CF425CD351800F25B3F /* PostTableViewController.swift in Sources */ = {isa = PBXBuildFile; fileRef = 03536CF325CD351800F25B3F /* PostTableViewController.swift */; };
		03536CF725CD387700F25B3F /* DetailPostViewController.swift in Sources */ = {isa = PBXBuildFile; fileRef = 03536CF625CD387700F25B3F /* DetailPostViewController.swift */; };
		237F06B725D1379A00291156 /* Radio3.jpg in Resources */ = {isa = PBXBuildFile; fileRef = 237F06B125D1379A00291156 /* Radio3.jpg */; };
		237F06B825D1379A00291156 /* Radio1.jpg in Resources */ = {isa = PBXBuildFile; fileRef = 237F06B225D1379A00291156 /* Radio1.jpg */; };
		237F06B925D1379A00291156 /* Radio4.jpg in Resources */ = {isa = PBXBuildFile; fileRef = 237F06B325D1379A00291156 /* Radio4.jpg */; };
		237F06BA25D1379A00291156 /* Radio6.jpg in Resources */ = {isa = PBXBuildFile; fileRef = 237F06B425D1379A00291156 /* Radio6.jpg */; };
		237F06BB25D1379A00291156 /* Radio2.jpg in Resources */ = {isa = PBXBuildFile; fileRef = 237F06B525D1379A00291156 /* Radio2.jpg */; };
		237F06BC25D1379A00291156 /* Radio5.jpg in Resources */ = {isa = PBXBuildFile; fileRef = 237F06B625D1379A00291156 /* Radio5.jpg */; };
		237F06C025D13FC700291156 /* フライヤー.jpg in Resources */ = {isa = PBXBuildFile; fileRef = 237F06BF25D13FC700291156 /* フライヤー.jpg */; };
		2393896925CFB4410087653E /* SegmentViewController.swift in Sources */ = {isa = PBXBuildFile; fileRef = 2393896825CFB4410087653E /* SegmentViewController.swift */; };
		2393896D25CFB5860087653E /* RadioViewController.swift in Sources */ = {isa = PBXBuildFile; fileRef = 2393896C25CFB5860087653E /* RadioViewController.swift */; };
		2393897225CFBA0F0087653E /* RadioCollectionViewCell.swift in Sources */ = {isa = PBXBuildFile; fileRef = 2393897125CFBA0F0087653E /* RadioCollectionViewCell.swift */; };
		2393897525CFBBA10087653E /* Radio.swift in Sources */ = {isa = PBXBuildFile; fileRef = 2393897425CFBBA10087653E /* Radio.swift */; };
		2393897825CFBBC00087653E /* RadioDAO.swift in Sources */ = {isa = PBXBuildFile; fileRef = 2393897725CFBBC00087653E /* RadioDAO.swift */; };
		23C7AF0125D01F50008F6439 /* Reel4.mp4 in Resources */ = {isa = PBXBuildFile; fileRef = 23C7AEFC25D01F50008F6439 /* Reel4.mp4 */; };
		23C7AF0225D01F50008F6439 /* Reel3.mp4 in Resources */ = {isa = PBXBuildFile; fileRef = 23C7AEFD25D01F50008F6439 /* Reel3.mp4 */; };
		23C7AF0325D01F50008F6439 /* Reel1.mp4 in Resources */ = {isa = PBXBuildFile; fileRef = 23C7AEFE25D01F50008F6439 /* Reel1.mp4 */; };
		23C7AF0425D01F50008F6439 /* Reel5.mp4 in Resources */ = {isa = PBXBuildFile; fileRef = 23C7AEFF25D01F50008F6439 /* Reel5.mp4 */; };
		23C7AF0525D01F50008F6439 /* Reel2.mp4 in Resources */ = {isa = PBXBuildFile; fileRef = 23C7AF0025D01F50008F6439 /* Reel2.mp4 */; };
		8017A6A824C5EB0A00F83011 /* AppDelegate.swift in Sources */ = {isa = PBXBuildFile; fileRef = 8017A6A724C5EB0A00F83011 /* AppDelegate.swift */; };
		8017A6AA24C5EB0A00F83011 /* SceneDelegate.swift in Sources */ = {isa = PBXBuildFile; fileRef = 8017A6A924C5EB0A00F83011 /* SceneDelegate.swift */; };
		8017A6AC24C5EB0A00F83011 /* ViewController.swift in Sources */ = {isa = PBXBuildFile; fileRef = 8017A6AB24C5EB0A00F83011 /* ViewController.swift */; };
		8017A6AF24C5EB0A00F83011 /* Main.storyboard in Resources */ = {isa = PBXBuildFile; fileRef = 8017A6AD24C5EB0A00F83011 /* Main.storyboard */; };
		8017A6B124C5EB0E00F83011 /* Assets.xcassets in Resources */ = {isa = PBXBuildFile; fileRef = 8017A6B024C5EB0E00F83011 /* Assets.xcassets */; };
		8017A6B424C5EB0E00F83011 /* LaunchScreen.storyboard in Resources */ = {isa = PBXBuildFile; fileRef = 8017A6B224C5EB0E00F83011 /* LaunchScreen.storyboard */; };
		8017A6BD24C63A0000F83011 /* tiktok-logo.png in Resources */ = {isa = PBXBuildFile; fileRef = 8017A6BC24C63A0000F83011 /* tiktok-logo.png */; };
		8017A6C224C6467500F83011 /* ReelCollectionViewCell.swift in Sources */ = {isa = PBXBuildFile; fileRef = 8017A6C124C6467500F83011 /* ReelCollectionViewCell.swift */; };
		8017A6C424C647A500F83011 /* ReelViewController.swift in Sources */ = {isa = PBXBuildFile; fileRef = 8017A6C324C647A500F83011 /* ReelViewController.swift */; };
		8017A6C724C64A8A00F83011 /* Video.swift in Sources */ = {isa = PBXBuildFile; fileRef = 8017A6C624C64A8A00F83011 /* Video.swift */; };
		8017A6CA24C64B4700F83011 /* VideoDAO.swift in Sources */ = {isa = PBXBuildFile; fileRef = 8017A6C924C64B4700F83011 /* VideoDAO.swift */; };
		8045BBB224CF279D0033D4D1 /* Activity.swift in Sources */ = {isa = PBXBuildFile; fileRef = 8045BBB124CF279D0033D4D1 /* Activity.swift */; };
		8045BBBE24CF2AF40033D4D1 /* user2.png in Resources */ = {isa = PBXBuildFile; fileRef = 8045BBB424CF2AF40033D4D1 /* user2.png */; };
		8045BBBF24CF2AF40033D4D1 /* user6.png in Resources */ = {isa = PBXBuildFile; fileRef = 8045BBB524CF2AF40033D4D1 /* user6.png */; };
		8045BBC024CF2AF40033D4D1 /* user8.png in Resources */ = {isa = PBXBuildFile; fileRef = 8045BBB624CF2AF40033D4D1 /* user8.png */; };
		8045BBC124CF2AF40033D4D1 /* user5.png in Resources */ = {isa = PBXBuildFile; fileRef = 8045BBB724CF2AF40033D4D1 /* user5.png */; };
		8045BBC224CF2AF40033D4D1 /* user9.png in Resources */ = {isa = PBXBuildFile; fileRef = 8045BBB824CF2AF40033D4D1 /* user9.png */; };
		8045BBC324CF2AF40033D4D1 /* user7.png in Resources */ = {isa = PBXBuildFile; fileRef = 8045BBB924CF2AF40033D4D1 /* user7.png */; };
		8045BBC424CF2AF40033D4D1 /* user10.png in Resources */ = {isa = PBXBuildFile; fileRef = 8045BBBA24CF2AF40033D4D1 /* user10.png */; };
		8045BBC524CF2AF40033D4D1 /* user3.png in Resources */ = {isa = PBXBuildFile; fileRef = 8045BBBB24CF2AF40033D4D1 /* user3.png */; };
		8045BBC624CF2AF40033D4D1 /* user4.png in Resources */ = {isa = PBXBuildFile; fileRef = 8045BBBC24CF2AF40033D4D1 /* user4.png */; };
		8045BBC724CF2AF40033D4D1 /* user1.png in Resources */ = {isa = PBXBuildFile; fileRef = 8045BBBD24CF2AF40033D4D1 /* user1.png */; };
		8045BBC924CF2B650033D4D1 /* ActivityDAO.swift in Sources */ = {isa = PBXBuildFile; fileRef = 8045BBC824CF2B650033D4D1 /* ActivityDAO.swift */; };
		80599B3A24C9BF7A000DEE61 /* video1.mp4 in Resources */ = {isa = PBXBuildFile; fileRef = 80599B3924C9BF7A000DEE61 /* video1.mp4 */; };
		80599B3C24C9C106000DEE61 /* video2.mp4 in Resources */ = {isa = PBXBuildFile; fileRef = 80599B3B24C9C106000DEE61 /* video2.mp4 */; };
		80599B3E24C9C110000DEE61 /* video3.mp4 in Resources */ = {isa = PBXBuildFile; fileRef = 80599B3D24C9C110000DEE61 /* video3.mp4 */; };
		80599B4024C9C117000DEE61 /* video4.mp4 in Resources */ = {isa = PBXBuildFile; fileRef = 80599B3F24C9C117000DEE61 /* video4.mp4 */; };
		80599B4224C9C11F000DEE61 /* video5.mp4 in Resources */ = {isa = PBXBuildFile; fileRef = 80599B4124C9C11F000DEE61 /* video5.mp4 */; };
		80599B4424C9C127000DEE61 /* video6.mp4 in Resources */ = {isa = PBXBuildFile; fileRef = 80599B4324C9C127000DEE61 /* video6.mp4 */; };
		80599B4624C9C12E000DEE61 /* video7.mp4 in Resources */ = {isa = PBXBuildFile; fileRef = 80599B4524C9C12E000DEE61 /* video7.mp4 */; };
		80599B4824C9C136000DEE61 /* video8.mp4 in Resources */ = {isa = PBXBuildFile; fileRef = 80599B4724C9C136000DEE61 /* video8.mp4 */; };
		80599B4A24C9C13F000DEE61 /* video9.mp4 in Resources */ = {isa = PBXBuildFile; fileRef = 80599B4924C9C13E000DEE61 /* video9.mp4 */; };
		80599B4C24C9C146000DEE61 /* video10.mp4 in Resources */ = {isa = PBXBuildFile; fileRef = 80599B4B24C9C146000DEE61 /* video10.mp4 */; };
		80B7F48B24D065F900E910E4 /* profile1.png in Resources */ = {isa = PBXBuildFile; fileRef = 80B7F48A24D065F900E910E4 /* profile1.png */; };
		80B7F48D24D06B6900E910E4 /* more.png in Resources */ = {isa = PBXBuildFile; fileRef = 80B7F48C24D06B6900E910E4 /* more.png */; };
/* End PBXBuildFile section */

/* Begin PBXFileReference section */
		0344825D25D0DCC6002C45BB /* ArtistPagefromHomeViewController.swift */ = {isa = PBXFileReference; lastKnownFileType = sourcecode.swift; path = ArtistPagefromHomeViewController.swift; sourceTree = "<group>"; };
		03536CB425CD0B4E00F25B3F /* Search.storyboard */ = {isa = PBXFileReference; lastKnownFileType = file.storyboard; path = Search.storyboard; sourceTree = "<group>"; };
		03536CB725CD0B5C00F25B3F /* News.storyboard */ = {isa = PBXFileReference; lastKnownFileType = file.storyboard; path = News.storyboard; sourceTree = "<group>"; };
		03536CBA25CD0B6B00F25B3F /* MyLibrary.storyboard */ = {isa = PBXFileReference; lastKnownFileType = file.storyboard; path = MyLibrary.storyboard; sourceTree = "<group>"; };
		03536CBD25CD0BAB00F25B3F /* SearchViewController.swift */ = {isa = PBXFileReference; lastKnownFileType = sourcecode.swift; path = SearchViewController.swift; sourceTree = "<group>"; };
		03536CC525CD0FF900F25B3F /* NewsTableViewCell.swift */ = {isa = PBXFileReference; lastKnownFileType = sourcecode.swift; path = NewsTableViewCell.swift; sourceTree = "<group>"; };
		03536CCC25CD16DD00F25B3F /* NewsTableViewController.swift */ = {isa = PBXFileReference; lastKnownFileType = sourcecode.swift; path = NewsTableViewController.swift; sourceTree = "<group>"; };
		03536CD025CD187700F25B3F /* ArtistModel.swift */ = {isa = PBXFileReference; lastKnownFileType = sourcecode.swift; path = ArtistModel.swift; sourceTree = "<group>"; };
		03536CD325CD1A4300F25B3F /* DetailNewsViewController.swift */ = {isa = PBXFileReference; lastKnownFileType = sourcecode.swift; path = DetailNewsViewController.swift; sourceTree = "<group>"; };
		03536CD825CD212C00F25B3F /* MyLibraryTableViewCell.swift */ = {isa = PBXFileReference; lastKnownFileType = sourcecode.swift; path = MyLibraryTableViewCell.swift; sourceTree = "<group>"; };
		03536CDD25CD21D300F25B3F /* MyLibraryTableViewController.swift */ = {isa = PBXFileReference; lastKnownFileType = sourcecode.swift; path = MyLibraryTableViewController.swift; sourceTree = "<group>"; };
		03536CE125CD26D400F25B3F /* ArtistPageViewController.swift */ = {isa = PBXFileReference; lastKnownFileType = sourcecode.swift; path = ArtistPageViewController.swift; sourceTree = "<group>"; };
		03536CE425CD296800F25B3F /* MVTableViewCell.swift */ = {isa = PBXFileReference; lastKnownFileType = sourcecode.swift; path = MVTableViewCell.swift; sourceTree = "<group>"; };
		03536CE725CD2AA000F25B3F /* MVTableViewController.swift */ = {isa = PBXFileReference; lastKnownFileType = sourcecode.swift; path = MVTableViewController.swift; sourceTree = "<group>"; };
		03536CEA25CD2D8500F25B3F /* SongTableViewCell.swift */ = {isa = PBXFileReference; lastKnownFileType = sourcecode.swift; path = SongTableViewCell.swift; sourceTree = "<group>"; };
		03536CED25CD2EAF00F25B3F /* SongTableViewController.swift */ = {isa = PBXFileReference; lastKnownFileType = sourcecode.swift; path = SongTableViewController.swift; sourceTree = "<group>"; };
		03536CF025CD34A600F25B3F /* PostTableViewCell.swift */ = {isa = PBXFileReference; lastKnownFileType = sourcecode.swift; path = PostTableViewCell.swift; sourceTree = "<group>"; };
		03536CF325CD351800F25B3F /* PostTableViewController.swift */ = {isa = PBXFileReference; lastKnownFileType = sourcecode.swift; path = PostTableViewController.swift; sourceTree = "<group>"; };
		03536CF625CD387700F25B3F /* DetailPostViewController.swift */ = {isa = PBXFileReference; lastKnownFileType = sourcecode.swift; path = DetailPostViewController.swift; sourceTree = "<group>"; };
		237F06B125D1379A00291156 /* Radio3.jpg */ = {isa = PBXFileReference; lastKnownFileType = image.jpeg; name = Radio3.jpg; path = ../../../../../../Downloads/Newdio_RadioJacket/Radio3.jpg; sourceTree = "<group>"; };
		237F06B225D1379A00291156 /* Radio1.jpg */ = {isa = PBXFileReference; lastKnownFileType = image.jpeg; name = Radio1.jpg; path = ../../../../../../Downloads/Newdio_RadioJacket/Radio1.jpg; sourceTree = "<group>"; };
		237F06B325D1379A00291156 /* Radio4.jpg */ = {isa = PBXFileReference; lastKnownFileType = image.jpeg; name = Radio4.jpg; path = ../../../../../../Downloads/Newdio_RadioJacket/Radio4.jpg; sourceTree = "<group>"; };
		237F06B425D1379A00291156 /* Radio6.jpg */ = {isa = PBXFileReference; lastKnownFileType = image.jpeg; name = Radio6.jpg; path = ../../../../../../Downloads/Newdio_RadioJacket/Radio6.jpg; sourceTree = "<group>"; };
		237F06B525D1379A00291156 /* Radio2.jpg */ = {isa = PBXFileReference; lastKnownFileType = image.jpeg; name = Radio2.jpg; path = ../../../../../../Downloads/Newdio_RadioJacket/Radio2.jpg; sourceTree = "<group>"; };
		237F06B625D1379A00291156 /* Radio5.jpg */ = {isa = PBXFileReference; lastKnownFileType = image.jpeg; name = Radio5.jpg; path = ../../../../../../Downloads/Newdio_RadioJacket/Radio5.jpg; sourceTree = "<group>"; };
		237F06BF25D13FC700291156 /* フライヤー.jpg */ = {isa = PBXFileReference; lastKnownFileType = image.jpeg; name = "フライヤー.jpg"; path = "../../../../../../Downloads/フライヤー.jpg"; sourceTree = "<group>"; };
		2393896825CFB4410087653E /* SegmentViewController.swift */ = {isa = PBXFileReference; lastKnownFileType = sourcecode.swift; path = SegmentViewController.swift; sourceTree = "<group>"; };
		2393896C25CFB5860087653E /* RadioViewController.swift */ = {isa = PBXFileReference; lastKnownFileType = sourcecode.swift; path = RadioViewController.swift; sourceTree = "<group>"; };
		2393897125CFBA0F0087653E /* RadioCollectionViewCell.swift */ = {isa = PBXFileReference; lastKnownFileType = sourcecode.swift; path = RadioCollectionViewCell.swift; sourceTree = "<group>"; };
		2393897425CFBBA10087653E /* Radio.swift */ = {isa = PBXFileReference; lastKnownFileType = sourcecode.swift; path = Radio.swift; sourceTree = "<group>"; };
		2393897725CFBBC00087653E /* RadioDAO.swift */ = {isa = PBXFileReference; lastKnownFileType = sourcecode.swift; path = RadioDAO.swift; sourceTree = "<group>"; };
		2393898225CFCFD10087653E /* logo60.png */ = {isa = PBXFileReference; lastKnownFileType = image.png; path = logo60.png; sourceTree = "<group>"; };
		2393898325CFCFD10087653E /* logo180.png */ = {isa = PBXFileReference; lastKnownFileType = image.png; path = logo180.png; sourceTree = "<group>"; };
		2393898425CFCFD10087653E /* logo87.png */ = {isa = PBXFileReference; lastKnownFileType = image.png; path = logo87.png; sourceTree = "<group>"; };
		2393898525CFCFD10087653E /* logo40.png */ = {isa = PBXFileReference; lastKnownFileType = image.png; path = logo40.png; sourceTree = "<group>"; };
		2393898625CFCFD20087653E /* Newdio-logo.png */ = {isa = PBXFileReference; lastKnownFileType = image.png; path = "Newdio-logo.png"; sourceTree = "<group>"; };
		2393898725CFCFD20087653E /* logo.png */ = {isa = PBXFileReference; lastKnownFileType = image.png; path = logo.png; sourceTree = "<group>"; };
		2393898925CFCFD20087653E /* logo120.png */ = {isa = PBXFileReference; lastKnownFileType = image.png; path = logo120.png; sourceTree = "<group>"; };
		2393898A25CFCFD20087653E /* logo58.png */ = {isa = PBXFileReference; lastKnownFileType = image.png; path = logo58.png; sourceTree = "<group>"; };
		23C7AEFC25D01F50008F6439 /* Reel4.mp4 */ = {isa = PBXFileReference; lastKnownFileType = file; path = Reel4.mp4; sourceTree = "<group>"; };
		23C7AEFD25D01F50008F6439 /* Reel3.mp4 */ = {isa = PBXFileReference; lastKnownFileType = file; path = Reel3.mp4; sourceTree = "<group>"; };
		23C7AEFE25D01F50008F6439 /* Reel1.mp4 */ = {isa = PBXFileReference; lastKnownFileType = file; path = Reel1.mp4; sourceTree = "<group>"; };
		23C7AEFF25D01F50008F6439 /* Reel5.mp4 */ = {isa = PBXFileReference; lastKnownFileType = file; path = Reel5.mp4; sourceTree = "<group>"; };
		23C7AF0025D01F50008F6439 /* Reel2.mp4 */ = {isa = PBXFileReference; lastKnownFileType = file; path = Reel2.mp4; sourceTree = "<group>"; };
		8017A6A424C5EB0A00F83011 /* TikTok.app */ = {isa = PBXFileReference; explicitFileType = wrapper.application; includeInIndex = 0; path = TikTok.app; sourceTree = BUILT_PRODUCTS_DIR; };
		8017A6A724C5EB0A00F83011 /* AppDelegate.swift */ = {isa = PBXFileReference; lastKnownFileType = sourcecode.swift; path = AppDelegate.swift; sourceTree = "<group>"; };
		8017A6A924C5EB0A00F83011 /* SceneDelegate.swift */ = {isa = PBXFileReference; lastKnownFileType = sourcecode.swift; path = SceneDelegate.swift; sourceTree = "<group>"; };
		8017A6AB24C5EB0A00F83011 /* ViewController.swift */ = {isa = PBXFileReference; lastKnownFileType = sourcecode.swift; path = ViewController.swift; sourceTree = "<group>"; };
		8017A6AE24C5EB0A00F83011 /* Base */ = {isa = PBXFileReference; lastKnownFileType = file.storyboard; name = Base; path = Base.lproj/Main.storyboard; sourceTree = "<group>"; };
		8017A6B024C5EB0E00F83011 /* Assets.xcassets */ = {isa = PBXFileReference; lastKnownFileType = folder.assetcatalog; path = Assets.xcassets; sourceTree = "<group>"; };
		8017A6B324C5EB0E00F83011 /* Base */ = {isa = PBXFileReference; lastKnownFileType = file.storyboard; name = Base; path = Base.lproj/LaunchScreen.storyboard; sourceTree = "<group>"; };
		8017A6B524C5EB0E00F83011 /* Info.plist */ = {isa = PBXFileReference; lastKnownFileType = text.plist.xml; path = Info.plist; sourceTree = "<group>"; };
		8017A6BC24C63A0000F83011 /* tiktok-logo.png */ = {isa = PBXFileReference; lastKnownFileType = image.png; path = "tiktok-logo.png"; sourceTree = "<group>"; };
		8017A6C124C6467500F83011 /* ReelCollectionViewCell.swift */ = {isa = PBXFileReference; lastKnownFileType = sourcecode.swift; path = ReelCollectionViewCell.swift; sourceTree = "<group>"; };
		8017A6C324C647A500F83011 /* ReelViewController.swift */ = {isa = PBXFileReference; lastKnownFileType = sourcecode.swift; path = ReelViewController.swift; sourceTree = "<group>"; };
		8017A6C624C64A8A00F83011 /* Video.swift */ = {isa = PBXFileReference; lastKnownFileType = sourcecode.swift; path = Video.swift; sourceTree = "<group>"; };
		8017A6C924C64B4700F83011 /* VideoDAO.swift */ = {isa = PBXFileReference; lastKnownFileType = sourcecode.swift; path = VideoDAO.swift; sourceTree = "<group>"; };
		8045BBB124CF279D0033D4D1 /* Activity.swift */ = {isa = PBXFileReference; lastKnownFileType = sourcecode.swift; path = Activity.swift; sourceTree = "<group>"; };
		8045BBB424CF2AF40033D4D1 /* user2.png */ = {isa = PBXFileReference; lastKnownFileType = image.png; path = user2.png; sourceTree = "<group>"; };
		8045BBB524CF2AF40033D4D1 /* user6.png */ = {isa = PBXFileReference; lastKnownFileType = image.png; path = user6.png; sourceTree = "<group>"; };
		8045BBB624CF2AF40033D4D1 /* user8.png */ = {isa = PBXFileReference; lastKnownFileType = image.png; path = user8.png; sourceTree = "<group>"; };
		8045BBB724CF2AF40033D4D1 /* user5.png */ = {isa = PBXFileReference; lastKnownFileType = image.png; path = user5.png; sourceTree = "<group>"; };
		8045BBB824CF2AF40033D4D1 /* user9.png */ = {isa = PBXFileReference; lastKnownFileType = image.png; path = user9.png; sourceTree = "<group>"; };
		8045BBB924CF2AF40033D4D1 /* user7.png */ = {isa = PBXFileReference; lastKnownFileType = image.png; path = user7.png; sourceTree = "<group>"; };
		8045BBBA24CF2AF40033D4D1 /* user10.png */ = {isa = PBXFileReference; lastKnownFileType = image.png; path = user10.png; sourceTree = "<group>"; };
		8045BBBB24CF2AF40033D4D1 /* user3.png */ = {isa = PBXFileReference; lastKnownFileType = image.png; path = user3.png; sourceTree = "<group>"; };
		8045BBBC24CF2AF40033D4D1 /* user4.png */ = {isa = PBXFileReference; lastKnownFileType = image.png; path = user4.png; sourceTree = "<group>"; };
		8045BBBD24CF2AF40033D4D1 /* user1.png */ = {isa = PBXFileReference; lastKnownFileType = image.png; path = user1.png; sourceTree = "<group>"; };
		8045BBC824CF2B650033D4D1 /* ActivityDAO.swift */ = {isa = PBXFileReference; lastKnownFileType = sourcecode.swift; path = ActivityDAO.swift; sourceTree = "<group>"; };
		80599B3924C9BF7A000DEE61 /* video1.mp4 */ = {isa = PBXFileReference; lastKnownFileType = file; path = video1.mp4; sourceTree = "<group>"; };
		80599B3B24C9C106000DEE61 /* video2.mp4 */ = {isa = PBXFileReference; lastKnownFileType = file; path = video2.mp4; sourceTree = "<group>"; };
		80599B3D24C9C110000DEE61 /* video3.mp4 */ = {isa = PBXFileReference; lastKnownFileType = file; path = video3.mp4; sourceTree = "<group>"; };
		80599B3F24C9C117000DEE61 /* video4.mp4 */ = {isa = PBXFileReference; lastKnownFileType = file; path = video4.mp4; sourceTree = "<group>"; };
		80599B4124C9C11F000DEE61 /* video5.mp4 */ = {isa = PBXFileReference; lastKnownFileType = file; path = video5.mp4; sourceTree = "<group>"; };
		80599B4324C9C127000DEE61 /* video6.mp4 */ = {isa = PBXFileReference; lastKnownFileType = file; path = video6.mp4; sourceTree = "<group>"; };
		80599B4524C9C12E000DEE61 /* video7.mp4 */ = {isa = PBXFileReference; lastKnownFileType = file; path = video7.mp4; sourceTree = "<group>"; };
		80599B4724C9C136000DEE61 /* video8.mp4 */ = {isa = PBXFileReference; lastKnownFileType = file; path = video8.mp4; sourceTree = "<group>"; };
		80599B4924C9C13E000DEE61 /* video9.mp4 */ = {isa = PBXFileReference; lastKnownFileType = file; path = video9.mp4; sourceTree = "<group>"; };
		80599B4B24C9C146000DEE61 /* video10.mp4 */ = {isa = PBXFileReference; lastKnownFileType = file; path = video10.mp4; sourceTree = "<group>"; };
		80B7F48A24D065F900E910E4 /* profile1.png */ = {isa = PBXFileReference; lastKnownFileType = image.png; path = profile1.png; sourceTree = "<group>"; };
		80B7F48C24D06B6900E910E4 /* more.png */ = {isa = PBXFileReference; lastKnownFileType = image.png; path = more.png; sourceTree = "<group>"; };
/* End PBXFileReference section */

/* Begin PBXFrameworksBuildPhase section */
		8017A6A124C5EB0A00F83011 /* Frameworks */ = {
			isa = PBXFrameworksBuildPhase;
			buildActionMask = 2147483647;
			files = (
			);
			runOnlyForDeploymentPostprocessing = 0;
		};
/* End PBXFrameworksBuildPhase section */

/* Begin PBXGroup section */
		03536CC025CD0BB700F25B3F /* Search */ = {
			isa = PBXGroup;
			children = (
				03536CC325CD0C1600F25B3F /* Controller */,
			);
			path = Search;
			sourceTree = "<group>";
		};
		03536CC325CD0C1600F25B3F /* Controller */ = {
			isa = PBXGroup;
			children = (
				03536CBD25CD0BAB00F25B3F /* SearchViewController.swift */,
			);
			path = Controller;
			sourceTree = "<group>";
		};
		03536CC825CD102000F25B3F /* News */ = {
			isa = PBXGroup;
			children = (
				03536CCA25CD103B00F25B3F /* Controller */,
				03536CC925CD103300F25B3F /* View */,
			);
			path = News;
			sourceTree = "<group>";
		};
		03536CC925CD103300F25B3F /* View */ = {
			isa = PBXGroup;
			children = (
				03536CC525CD0FF900F25B3F /* NewsTableViewCell.swift */,
			);
			name = View;
			sourceTree = "<group>";
		};
		03536CCA25CD103B00F25B3F /* Controller */ = {
			isa = PBXGroup;
			children = (
				03536CCC25CD16DD00F25B3F /* NewsTableViewController.swift */,
				03536CD325CD1A4300F25B3F /* DetailNewsViewController.swift */,
			);
			path = Controller;
			sourceTree = "<group>";
		};
		03536CD625CD1EDC00F25B3F /* MyLibrary */ = {
			isa = PBXGroup;
			children = (
				03536CDC25CD21A900F25B3F /* Controller */,
				03536CDB25CD213300F25B3F /* View */,
			);
			path = MyLibrary;
			sourceTree = "<group>";
		};
		03536CDB25CD213300F25B3F /* View */ = {
			isa = PBXGroup;
			children = (
				03536CD825CD212C00F25B3F /* MyLibraryTableViewCell.swift */,
				03536CE425CD296800F25B3F /* MVTableViewCell.swift */,
				03536CEA25CD2D8500F25B3F /* SongTableViewCell.swift */,
				03536CF025CD34A600F25B3F /* PostTableViewCell.swift */,
			);
			name = View;
			sourceTree = "<group>";
		};
		03536CDC25CD21A900F25B3F /* Controller */ = {
			isa = PBXGroup;
			children = (
				03536CDD25CD21D300F25B3F /* MyLibraryTableViewController.swift */,
				03536CE125CD26D400F25B3F /* ArtistPageViewController.swift */,
				03536CE725CD2AA000F25B3F /* MVTableViewController.swift */,
				03536CED25CD2EAF00F25B3F /* SongTableViewController.swift */,
				03536CF325CD351800F25B3F /* PostTableViewController.swift */,
				03536CF625CD387700F25B3F /* DetailPostViewController.swift */,
			);
			path = Controller;
			sourceTree = "<group>";
		};
		231EEF9D25D01E0100387D2C /* Reel */ = {
			isa = PBXGroup;
			children = (
				23C7AEFE25D01F50008F6439 /* Reel1.mp4 */,
				23C7AF0025D01F50008F6439 /* Reel2.mp4 */,
				23C7AEFD25D01F50008F6439 /* Reel3.mp4 */,
				23C7AEFC25D01F50008F6439 /* Reel4.mp4 */,
				23C7AEFF25D01F50008F6439 /* Reel5.mp4 */,
			);
			path = Reel;
			sourceTree = "<group>";
		};
		237F06B025D1377A00291156 /* Jacket */ = {
			isa = PBXGroup;
			children = (
				237F06B225D1379A00291156 /* Radio1.jpg */,
				237F06B525D1379A00291156 /* Radio2.jpg */,
				237F06B125D1379A00291156 /* Radio3.jpg */,
				237F06B325D1379A00291156 /* Radio4.jpg */,
				237F06B625D1379A00291156 /* Radio5.jpg */,
				237F06B425D1379A00291156 /* Radio6.jpg */,
			);
			path = Jacket;
			sourceTree = "<group>";
		};
		237F06BE25D13FA600291156 /* Flyer */ = {
			isa = PBXGroup;
			children = (
				237F06BF25D13FC700291156 /* フライヤー.jpg */,
			);
			path = Flyer;
			sourceTree = "<group>";
		};
		2393898125CFCFD10087653E /* logo */ = {
			isa = PBXGroup;
			children = (
				8017A6BC24C63A0000F83011 /* tiktok-logo.png */,
				2393898525CFCFD10087653E /* logo40.png */,
				2393898925CFCFD20087653E /* logo120.png */,
				2393898625CFCFD20087653E /* Newdio-logo.png */,
				2393898725CFCFD20087653E /* logo.png */,
				2393898325CFCFD10087653E /* logo180.png */,
				80B7F48C24D06B6900E910E4 /* more.png */,
				2393898A25CFCFD20087653E /* logo58.png */,
				2393898425CFCFD10087653E /* logo87.png */,
				2393898225CFCFD10087653E /* logo60.png */,
			);
			path = logo;
			sourceTree = "<group>";
		};
		8017A69B24C5EB0900F83011 = {
			isa = PBXGroup;
			children = (
				8017A6A624C5EB0A00F83011 /* tiktok-clone */,
				8017A6A524C5EB0A00F83011 /* Products */,
			);
			sourceTree = "<group>";
		};
		8017A6A524C5EB0A00F83011 /* Products */ = {
			isa = PBXGroup;
			children = (
				8017A6A424C5EB0A00F83011 /* TikTok.app */,
			);
			name = Products;
			sourceTree = "<group>";
		};
		8017A6A624C5EB0A00F83011 /* tiktok-clone */ = {
			isa = PBXGroup;
			children = (
				8017A6C824C64B2000F83011 /* DAO */,
				8017A6C524C64A6800F83011 /* Model */,
				8017A6BE24C6461A00F83011 /* Home */,
				8017A6BB24C6399C00F83011 /* Assets */,
				03536CC025CD0BB700F25B3F /* Search */,
				03536CC825CD102000F25B3F /* News */,
				03536CD625CD1EDC00F25B3F /* MyLibrary */,
				8017A6A924C5EB0A00F83011 /* SceneDelegate.swift */,
				8017A6A724C5EB0A00F83011 /* AppDelegate.swift */,
				8017A6AB24C5EB0A00F83011 /* ViewController.swift */,
				8017A6AD24C5EB0A00F83011 /* Main.storyboard */,
				03536CB425CD0B4E00F25B3F /* Search.storyboard */,
				03536CB725CD0B5C00F25B3F /* News.storyboard */,
				03536CBA25CD0B6B00F25B3F /* MyLibrary.storyboard */,
				8017A6B024C5EB0E00F83011 /* Assets.xcassets */,
				8017A6B224C5EB0E00F83011 /* LaunchScreen.storyboard */,
				8017A6B524C5EB0E00F83011 /* Info.plist */,
			);
			path = "tiktok-clone";
			sourceTree = "<group>";
		};
		8017A6BB24C6399C00F83011 /* Assets */ = {
			isa = PBXGroup;
			children = (
				237F06BE25D13FA600291156 /* Flyer */,
				237F06B025D1377A00291156 /* Jacket */,
				231EEF9D25D01E0100387D2C /* Reel */,
				8045BBB324CF2AE20033D4D1 /* Users */,
				80599B3824C9BF59000DEE61 /* Videos */,
				2393898125CFCFD10087653E /* logo */,
			);
			path = Assets;
			sourceTree = "<group>";
		};
		8017A6BE24C6461A00F83011 /* Home */ = {
			isa = PBXGroup;
			children = (
				8017A6C024C6463100F83011 /* View */,
				8017A6BF24C6462800F83011 /* Controller */,
			);
			path = Home;
			sourceTree = "<group>";
		};
		8017A6BF24C6462800F83011 /* Controller */ = {
			isa = PBXGroup;
			children = (
				8017A6C324C647A500F83011 /* ReelViewController.swift */,
				2393896825CFB4410087653E /* SegmentViewController.swift */,
				2393896C25CFB5860087653E /* RadioViewController.swift */,
				0344825D25D0DCC6002C45BB /* ArtistPagefromHomeViewController.swift */,
			);
			path = Controller;
			sourceTree = "<group>";
		};
		8017A6C024C6463100F83011 /* View */ = {
			isa = PBXGroup;
			children = (
				8017A6C124C6467500F83011 /* ReelCollectionViewCell.swift */,
				2393897125CFBA0F0087653E /* RadioCollectionViewCell.swift */,
			);
			path = View;
			sourceTree = "<group>";
		};
		8017A6C524C64A6800F83011 /* Model */ = {
			isa = PBXGroup;
			children = (
				8017A6C624C64A8A00F83011 /* Video.swift */,
				8045BBB124CF279D0033D4D1 /* Activity.swift */,
				03536CD025CD187700F25B3F /* ArtistModel.swift */,
				2393897425CFBBA10087653E /* Radio.swift */,
			);
			path = Model;
			sourceTree = "<group>";
		};
		8017A6C824C64B2000F83011 /* DAO */ = {
			isa = PBXGroup;
			children = (
				8017A6C924C64B4700F83011 /* VideoDAO.swift */,
				8045BBC824CF2B650033D4D1 /* ActivityDAO.swift */,
				2393897725CFBBC00087653E /* RadioDAO.swift */,
			);
			path = DAO;
			sourceTree = "<group>";
		};
		8045BBB324CF2AE20033D4D1 /* Users */ = {
			isa = PBXGroup;
			children = (
				80B7F48A24D065F900E910E4 /* profile1.png */,
				8045BBBD24CF2AF40033D4D1 /* user1.png */,
				8045BBB424CF2AF40033D4D1 /* user2.png */,
				8045BBBB24CF2AF40033D4D1 /* user3.png */,
				8045BBBC24CF2AF40033D4D1 /* user4.png */,
				8045BBB724CF2AF40033D4D1 /* user5.png */,
				8045BBB524CF2AF40033D4D1 /* user6.png */,
				8045BBB924CF2AF40033D4D1 /* user7.png */,
				8045BBB624CF2AF40033D4D1 /* user8.png */,
				8045BBB824CF2AF40033D4D1 /* user9.png */,
				8045BBBA24CF2AF40033D4D1 /* user10.png */,
			);
			path = Users;
			sourceTree = "<group>";
		};
		80599B3824C9BF59000DEE61 /* Videos */ = {
			isa = PBXGroup;
			children = (
				80599B3924C9BF7A000DEE61 /* video1.mp4 */,
				80599B3B24C9C106000DEE61 /* video2.mp4 */,
				80599B3D24C9C110000DEE61 /* video3.mp4 */,
				80599B3F24C9C117000DEE61 /* video4.mp4 */,
				80599B4124C9C11F000DEE61 /* video5.mp4 */,
				80599B4324C9C127000DEE61 /* video6.mp4 */,
				80599B4524C9C12E000DEE61 /* video7.mp4 */,
				80599B4724C9C136000DEE61 /* video8.mp4 */,
				80599B4924C9C13E000DEE61 /* video9.mp4 */,
				80599B4B24C9C146000DEE61 /* video10.mp4 */,
			);
			path = Videos;
			sourceTree = "<group>";
		};
/* End PBXGroup section */

/* Begin PBXNativeTarget section */
		8017A6A324C5EB0A00F83011 /* tiktok-clone */ = {
			isa = PBXNativeTarget;
			buildConfigurationList = 8017A6B824C5EB0E00F83011 /* Build configuration list for PBXNativeTarget "tiktok-clone" */;
			buildPhases = (
				8017A6A024C5EB0A00F83011 /* Sources */,
				8017A6A124C5EB0A00F83011 /* Frameworks */,
				8017A6A224C5EB0A00F83011 /* Resources */,
			);
			buildRules = (
			);
			dependencies = (
			);
			name = "tiktok-clone";
			productName = "tiktok-clone";
			productReference = 8017A6A424C5EB0A00F83011 /* TikTok.app */;
			productType = "com.apple.product-type.application";
		};
/* End PBXNativeTarget section */

/* Begin PBXProject section */
		8017A69C24C5EB0900F83011 /* Project object */ = {
			isa = PBXProject;
			attributes = {
				LastSwiftUpdateCheck = 1160;
				LastUpgradeCheck = 1220;
				ORGANIZATIONNAME = MarcioVCampos;
				TargetAttributes = {
					8017A6A324C5EB0A00F83011 = {
						CreatedOnToolsVersion = 11.6;
					};
				};
			};
			buildConfigurationList = 8017A69F24C5EB0900F83011 /* Build configuration list for PBXProject "tiktok-clone" */;
			compatibilityVersion = "Xcode 9.3";
			developmentRegion = en;
			hasScannedForEncodings = 0;
			knownRegions = (
				en,
				Base,
			);
			mainGroup = 8017A69B24C5EB0900F83011;
			productRefGroup = 8017A6A524C5EB0A00F83011 /* Products */;
			projectDirPath = "";
			projectRoot = "";
			targets = (
				8017A6A324C5EB0A00F83011 /* tiktok-clone */,
			);
		};
/* End PBXProject section */

/* Begin PBXResourcesBuildPhase section */
		8017A6A224C5EB0A00F83011 /* Resources */ = {
			isa = PBXResourcesBuildPhase;
			buildActionMask = 2147483647;
			files = (
				8045BBC124CF2AF40033D4D1 /* user5.png in Resources */,
				23C7AF0325D01F50008F6439 /* Reel1.mp4 in Resources */,
				8017A6B424C5EB0E00F83011 /* LaunchScreen.storyboard in Resources */,
				80B7F48D24D06B6900E910E4 /* more.png in Resources */,
				8017A6B124C5EB0E00F83011 /* Assets.xcassets in Resources */,
				8045BBC324CF2AF40033D4D1 /* user7.png in Resources */,
				80599B4624C9C12E000DEE61 /* video7.mp4 in Resources */,
				23C7AF0225D01F50008F6439 /* Reel3.mp4 in Resources */,
				23C7AF0425D01F50008F6439 /* Reel5.mp4 in Resources */,
				8045BBC224CF2AF40033D4D1 /* user9.png in Resources */,
				80599B4224C9C11F000DEE61 /* video5.mp4 in Resources */,
				03536CB525CD0B4E00F25B3F /* Search.storyboard in Resources */,
				80599B3C24C9C106000DEE61 /* video2.mp4 in Resources */,
				8017A6BD24C63A0000F83011 /* tiktok-logo.png in Resources */,
				80599B4024C9C117000DEE61 /* video4.mp4 in Resources */,
				03536CB825CD0B5C00F25B3F /* News.storyboard in Resources */,
				80599B3A24C9BF7A000DEE61 /* video1.mp4 in Resources */,
				23C7AF0125D01F50008F6439 /* Reel4.mp4 in Resources */,
				80599B4A24C9C13F000DEE61 /* video9.mp4 in Resources */,
				80599B4824C9C136000DEE61 /* video8.mp4 in Resources */,
				8045BBC424CF2AF40033D4D1 /* user10.png in Resources */,
				237F06B825D1379A00291156 /* Radio1.jpg in Resources */,
				237F06BA25D1379A00291156 /* Radio6.jpg in Resources */,
				8017A6AF24C5EB0A00F83011 /* Main.storyboard in Resources */,
				8045BBC724CF2AF40033D4D1 /* user1.png in Resources */,
				8045BBC624CF2AF40033D4D1 /* user4.png in Resources */,
				237F06B925D1379A00291156 /* Radio4.jpg in Resources */,
				8045BBC524CF2AF40033D4D1 /* user3.png in Resources */,
				237F06C025D13FC700291156 /* フライヤー.jpg in Resources */,
				80599B4424C9C127000DEE61 /* video6.mp4 in Resources */,
				237F06BC25D1379A00291156 /* Radio5.jpg in Resources */,
				23C7AF0525D01F50008F6439 /* Reel2.mp4 in Resources */,
				8045BBBE24CF2AF40033D4D1 /* user2.png in Resources */,
				80599B4C24C9C146000DEE61 /* video10.mp4 in Resources */,
				8045BBC024CF2AF40033D4D1 /* user8.png in Resources */,
				80B7F48B24D065F900E910E4 /* profile1.png in Resources */,
				03536CBB25CD0B6B00F25B3F /* MyLibrary.storyboard in Resources */,
				237F06BB25D1379A00291156 /* Radio2.jpg in Resources */,
				80599B3E24C9C110000DEE61 /* video3.mp4 in Resources */,
				8045BBBF24CF2AF40033D4D1 /* user6.png in Resources */,
				237F06B725D1379A00291156 /* Radio3.jpg in Resources */,
			);
			runOnlyForDeploymentPostprocessing = 0;
		};
/* End PBXResourcesBuildPhase section */

/* Begin PBXSourcesBuildPhase section */
		8017A6A024C5EB0A00F83011 /* Sources */ = {
			isa = PBXSourcesBuildPhase;
			buildActionMask = 2147483647;
			files = (
				2393897525CFBBA10087653E /* Radio.swift in Sources */,
				03536CBE25CD0BAB00F25B3F /* SearchViewController.swift in Sources */,
				03536CEE25CD2EAF00F25B3F /* SongTableViewController.swift in Sources */,
				2393896925CFB4410087653E /* SegmentViewController.swift in Sources */,
				03536CC625CD0FF900F25B3F /* NewsTableViewCell.swift in Sources */,
				2393896D25CFB5860087653E /* RadioViewController.swift in Sources */,
				8017A6C424C647A500F83011 /* ReelViewController.swift in Sources */,
				8017A6CA24C64B4700F83011 /* VideoDAO.swift in Sources */,
				03536CD925CD212C00F25B3F /* MyLibraryTableViewCell.swift in Sources */,
				8017A6AC24C5EB0A00F83011 /* ViewController.swift in Sources */,
				8017A6A824C5EB0A00F83011 /* AppDelegate.swift in Sources */,
				2393897225CFBA0F0087653E /* RadioCollectionViewCell.swift in Sources */,
				03536CF425CD351800F25B3F /* PostTableViewController.swift in Sources */,
				03536CD425CD1A4300F25B3F /* DetailNewsViewController.swift in Sources */,
				03536CE225CD26D400F25B3F /* ArtistPageViewController.swift in Sources */,
				0344825E25D0DCC6002C45BB /* ArtistPagefromHomeViewController.swift in Sources */,
				03536CE825CD2AA000F25B3F /* MVTableViewController.swift in Sources */,
				03536CF125CD34A600F25B3F /* PostTableViewCell.swift in Sources */,
				8045BBC924CF2B650033D4D1 /* ActivityDAO.swift in Sources */,
				03536CE525CD296800F25B3F /* MVTableViewCell.swift in Sources */,
				03536CEB25CD2D8500F25B3F /* SongTableViewCell.swift in Sources */,
				03536CD125CD187700F25B3F /* ArtistModel.swift in Sources */,
				03536CF725CD387700F25B3F /* DetailPostViewController.swift in Sources */,
				8017A6C724C64A8A00F83011 /* Video.swift in Sources */,
				2393897825CFBBC00087653E /* RadioDAO.swift in Sources */,
				03536CDE25CD21D300F25B3F /* MyLibraryTableViewController.swift in Sources */,
				03536CCD25CD16DD00F25B3F /* NewsTableViewController.swift in Sources */,
				8017A6C224C6467500F83011 /* ReelCollectionViewCell.swift in Sources */,
				8045BBB224CF279D0033D4D1 /* Activity.swift in Sources */,
				8017A6AA24C5EB0A00F83011 /* SceneDelegate.swift in Sources */,
			);
			runOnlyForDeploymentPostprocessing = 0;
		};
/* End PBXSourcesBuildPhase section */

/* Begin PBXVariantGroup section */
		8017A6AD24C5EB0A00F83011 /* Main.storyboard */ = {
			isa = PBXVariantGroup;
			children = (
				8017A6AE24C5EB0A00F83011 /* Base */,
			);
			name = Main.storyboard;
			sourceTree = "<group>";
		};
		8017A6B224C5EB0E00F83011 /* LaunchScreen.storyboard */ = {
			isa = PBXVariantGroup;
			children = (
				8017A6B324C5EB0E00F83011 /* Base */,
			);
			name = LaunchScreen.storyboard;
			sourceTree = "<group>";
		};
/* End PBXVariantGroup section */

/* Begin XCBuildConfiguration section */
		8017A6B624C5EB0E00F83011 /* Debug */ = {
			isa = XCBuildConfiguration;
			buildSettings = {
				ALWAYS_SEARCH_USER_PATHS = NO;
				CLANG_ANALYZER_NONNULL = YES;
				CLANG_ANALYZER_NUMBER_OBJECT_CONVERSION = YES_AGGRESSIVE;
				CLANG_CXX_LANGUAGE_STANDARD = "gnu++14";
				CLANG_CXX_LIBRARY = "libc++";
				CLANG_ENABLE_MODULES = YES;
				CLANG_ENABLE_OBJC_ARC = YES;
				CLANG_ENABLE_OBJC_WEAK = YES;
				CLANG_WARN_BLOCK_CAPTURE_AUTORELEASING = YES;
				CLANG_WARN_BOOL_CONVERSION = YES;
				CLANG_WARN_COMMA = YES;
				CLANG_WARN_CONSTANT_CONVERSION = YES;
				CLANG_WARN_DEPRECATED_OBJC_IMPLEMENTATIONS = YES;
				CLANG_WARN_DIRECT_OBJC_ISA_USAGE = YES_ERROR;
				CLANG_WARN_DOCUMENTATION_COMMENTS = YES;
				CLANG_WARN_EMPTY_BODY = YES;
				CLANG_WARN_ENUM_CONVERSION = YES;
				CLANG_WARN_INFINITE_RECURSION = YES;
				CLANG_WARN_INT_CONVERSION = YES;
				CLANG_WARN_NON_LITERAL_NULL_CONVERSION = YES;
				CLANG_WARN_OBJC_IMPLICIT_RETAIN_SELF = YES;
				CLANG_WARN_OBJC_LITERAL_CONVERSION = YES;
				CLANG_WARN_OBJC_ROOT_CLASS = YES_ERROR;
				CLANG_WARN_QUOTED_INCLUDE_IN_FRAMEWORK_HEADER = YES;
				CLANG_WARN_RANGE_LOOP_ANALYSIS = YES;
				CLANG_WARN_STRICT_PROTOTYPES = YES;
				CLANG_WARN_SUSPICIOUS_MOVE = YES;
				CLANG_WARN_UNGUARDED_AVAILABILITY = YES_AGGRESSIVE;
				CLANG_WARN_UNREACHABLE_CODE = YES;
				CLANG_WARN__DUPLICATE_METHOD_MATCH = YES;
				COPY_PHASE_STRIP = NO;
				DEBUG_INFORMATION_FORMAT = dwarf;
				ENABLE_STRICT_OBJC_MSGSEND = YES;
				ENABLE_TESTABILITY = YES;
				GCC_C_LANGUAGE_STANDARD = gnu11;
				GCC_DYNAMIC_NO_PIC = NO;
				GCC_NO_COMMON_BLOCKS = YES;
				GCC_OPTIMIZATION_LEVEL = 0;
				GCC_PREPROCESSOR_DEFINITIONS = (
					"DEBUG=1",
					"$(inherited)",
				);
				GCC_WARN_64_TO_32_BIT_CONVERSION = YES;
				GCC_WARN_ABOUT_RETURN_TYPE = YES_ERROR;
				GCC_WARN_UNDECLARED_SELECTOR = YES;
				GCC_WARN_UNINITIALIZED_AUTOS = YES_AGGRESSIVE;
				GCC_WARN_UNUSED_FUNCTION = YES;
				GCC_WARN_UNUSED_VARIABLE = YES;
				IPHONEOS_DEPLOYMENT_TARGET = 13.6;
				MTL_ENABLE_DEBUG_INFO = INCLUDE_SOURCE;
				MTL_FAST_MATH = YES;
				ONLY_ACTIVE_ARCH = YES;
				SDKROOT = iphoneos;
				SWIFT_ACTIVE_COMPILATION_CONDITIONS = DEBUG;
				SWIFT_OPTIMIZATION_LEVEL = "-Onone";
			};
			name = Debug;
		};
		8017A6B724C5EB0E00F83011 /* Release */ = {
			isa = XCBuildConfiguration;
			buildSettings = {
				ALWAYS_SEARCH_USER_PATHS = NO;
				CLANG_ANALYZER_NONNULL = YES;
				CLANG_ANALYZER_NUMBER_OBJECT_CONVERSION = YES_AGGRESSIVE;
				CLANG_CXX_LANGUAGE_STANDARD = "gnu++14";
				CLANG_CXX_LIBRARY = "libc++";
				CLANG_ENABLE_MODULES = YES;
				CLANG_ENABLE_OBJC_ARC = YES;
				CLANG_ENABLE_OBJC_WEAK = YES;
				CLANG_WARN_BLOCK_CAPTURE_AUTORELEASING = YES;
				CLANG_WARN_BOOL_CONVERSION = YES;
				CLANG_WARN_COMMA = YES;
				CLANG_WARN_CONSTANT_CONVERSION = YES;
				CLANG_WARN_DEPRECATED_OBJC_IMPLEMENTATIONS = YES;
				CLANG_WARN_DIRECT_OBJC_ISA_USAGE = YES_ERROR;
				CLANG_WARN_DOCUMENTATION_COMMENTS = YES;
				CLANG_WARN_EMPTY_BODY = YES;
				CLANG_WARN_ENUM_CONVERSION = YES;
				CLANG_WARN_INFINITE_RECURSION = YES;
				CLANG_WARN_INT_CONVERSION = YES;
				CLANG_WARN_NON_LITERAL_NULL_CONVERSION = YES;
				CLANG_WARN_OBJC_IMPLICIT_RETAIN_SELF = YES;
				CLANG_WARN_OBJC_LITERAL_CONVERSION = YES;
				CLANG_WARN_OBJC_ROOT_CLASS = YES_ERROR;
				CLANG_WARN_QUOTED_INCLUDE_IN_FRAMEWORK_HEADER = YES;
				CLANG_WARN_RANGE_LOOP_ANALYSIS = YES;
				CLANG_WARN_STRICT_PROTOTYPES = YES;
				CLANG_WARN_SUSPICIOUS_MOVE = YES;
				CLANG_WARN_UNGUARDED_AVAILABILITY = YES_AGGRESSIVE;
				CLANG_WARN_UNREACHABLE_CODE = YES;
				CLANG_WARN__DUPLICATE_METHOD_MATCH = YES;
				COPY_PHASE_STRIP = NO;
				DEBUG_INFORMATION_FORMAT = "dwarf-with-dsym";
				ENABLE_NS_ASSERTIONS = NO;
				ENABLE_STRICT_OBJC_MSGSEND = YES;
				GCC_C_LANGUAGE_STANDARD = gnu11;
				GCC_NO_COMMON_BLOCKS = YES;
				GCC_WARN_64_TO_32_BIT_CONVERSION = YES;
				GCC_WARN_ABOUT_RETURN_TYPE = YES_ERROR;
				GCC_WARN_UNDECLARED_SELECTOR = YES;
				GCC_WARN_UNINITIALIZED_AUTOS = YES_AGGRESSIVE;
				GCC_WARN_UNUSED_FUNCTION = YES;
				GCC_WARN_UNUSED_VARIABLE = YES;
				IPHONEOS_DEPLOYMENT_TARGET = 13.6;
				MTL_ENABLE_DEBUG_INFO = NO;
				MTL_FAST_MATH = YES;
				SDKROOT = iphoneos;
				SWIFT_COMPILATION_MODE = wholemodule;
				SWIFT_OPTIMIZATION_LEVEL = "-O";
				VALIDATE_PRODUCT = YES;
			};
			name = Release;
		};
		8017A6B924C5EB0E00F83011 /* Debug */ = {
			isa = XCBuildConfiguration;
			buildSettings = {
				ASSETCATALOG_COMPILER_APPICON_NAME = AppIcon;
				CODE_SIGN_STYLE = Automatic;
				INFOPLIST_FILE = "tiktok-clone/Info.plist";
				LD_RUNPATH_SEARCH_PATHS = (
					"$(inherited)",
					"@executable_path/Frameworks",
				);
				PRODUCT_BUNDLE_IDENTIFIER = "br.com.marciovcampos.tiktok-clone";
				PRODUCT_NAME = TikTok;
				SWIFT_VERSION = 5.0;
				TARGETED_DEVICE_FAMILY = "1,2";
			};
			name = Debug;
		};
		8017A6BA24C5EB0E00F83011 /* Release */ = {
			isa = XCBuildConfiguration;
			buildSettings = {
				ASSETCATALOG_COMPILER_APPICON_NAME = AppIcon;
				CODE_SIGN_STYLE = Automatic;
				INFOPLIST_FILE = "tiktok-clone/Info.plist";
				LD_RUNPATH_SEARCH_PATHS = (
					"$(inherited)",
					"@executable_path/Frameworks",
				);
				PRODUCT_BUNDLE_IDENTIFIER = "br.com.marciovcampos.tiktok-clone";
				PRODUCT_NAME = TikTok;
				SWIFT_VERSION = 5.0;
				TARGETED_DEVICE_FAMILY = "1,2";
			};
			name = Release;
		};
/* End XCBuildConfiguration section */

/* Begin XCConfigurationList section */
		8017A69F24C5EB0900F83011 /* Build configuration list for PBXProject "tiktok-clone" */ = {
			isa = XCConfigurationList;
			buildConfigurations = (
				8017A6B624C5EB0E00F83011 /* Debug */,
				8017A6B724C5EB0E00F83011 /* Release */,
			);
			defaultConfigurationIsVisible = 0;
			defaultConfigurationName = Release;
		};
		8017A6B824C5EB0E00F83011 /* Build configuration list for PBXNativeTarget "tiktok-clone" */ = {
			isa = XCConfigurationList;
			buildConfigurations = (
				8017A6B924C5EB0E00F83011 /* Debug */,
				8017A6BA24C5EB0E00F83011 /* Release */,
			);
			defaultConfigurationIsVisible = 0;
			defaultConfigurationName = Release;
		};
/* End XCConfigurationList section */
	};
	rootObject = 8017A69C24C5EB0900F83011 /* Project object */;
}
